// !$*UTF8*$!
{
	archiveVersion = 1;
	classes = {
	};
	objectVersion = 55;
	objects = {

/* Begin PBXBuildFile section */
		34F907B9283C181000F9E42F /* AppDelegate.swift in Sources */ = {isa = PBXBuildFile; fileRef = 34F907B8283C181000F9E42F /* AppDelegate.swift */; };
		34F907BB283C181000F9E42F /* SceneDelegate.swift in Sources */ = {isa = PBXBuildFile; fileRef = 34F907BA283C181000F9E42F /* SceneDelegate.swift */; };
		34F907BD283C181000F9E42F /* AcronymViewController.swift in Sources */ = {isa = PBXBuildFile; fileRef = 34F907BC283C181000F9E42F /* AcronymViewController.swift */; };
		34F907C0283C181000F9E42F /* Main.storyboard in Resources */ = {isa = PBXBuildFile; fileRef = 34F907BE283C181000F9E42F /* Main.storyboard */; };
		34F907C2283C181300F9E42F /* Assets.xcassets in Resources */ = {isa = PBXBuildFile; fileRef = 34F907C1283C181300F9E42F /* Assets.xcassets */; };
		34F907C5283C181300F9E42F /* LaunchScreen.storyboard in Resources */ = {isa = PBXBuildFile; fileRef = 34F907C3283C181300F9E42F /* LaunchScreen.storyboard */; };
		34F907CD283C278600F9E42F /* AcronymCell.swift in Sources */ = {isa = PBXBuildFile; fileRef = 34F907CC283C278600F9E42F /* AcronymCell.swift */; };
		34F907CF283C281E00F9E42F /* AcronymService.swift in Sources */ = {isa = PBXBuildFile; fileRef = 34F907CE283C281E00F9E42F /* AcronymService.swift */; };
		34F907D1283C28BD00F9E42F /* AcronymViewModel.swift in Sources */ = {isa = PBXBuildFile; fileRef = 34F907D0283C28BD00F9E42F /* AcronymViewModel.swift */; };
		34F907D3283C28F300F9E42F /* AcronymModel.swift in Sources */ = {isa = PBXBuildFile; fileRef = 34F907D2283C28F300F9E42F /* AcronymModel.swift */; };
		34F907DD283C431B00F9E42F /* AlbertsonsAppTests.swift in Sources */ = {isa = PBXBuildFile; fileRef = 34F907DC283C431B00F9E42F /* AlbertsonsAppTests.swift */; };
		34F907EA283C437200F9E42F /* AcronymViewModelTests.swift in Sources */ = {isa = PBXBuildFile; fileRef = 34F907E5283C437100F9E42F /* AcronymViewModelTests.swift */; };
		34F907EB283C437200F9E42F /* AcronymSample.json in Resources */ = {isa = PBXBuildFile; fileRef = 34F907E6283C437200F9E42F /* AcronymSample.json */; };
		34F907EC283C437200F9E42F /* MockNetwork.swift in Sources */ = {isa = PBXBuildFile; fileRef = 34F907E7283C437200F9E42F /* MockNetwork.swift */; };
		34F907ED283C437200F9E42F /* MockSession.swift in Sources */ = {isa = PBXBuildFile; fileRef = 34F907E8283C437200F9E42F /* MockSession.swift */; };
		34F907EE283C437200F9E42F /* NetworkManagerTests.swift in Sources */ = {isa = PBXBuildFile; fileRef = 34F907E9283C437200F9E42F /* NetworkManagerTests.swift */; };
/* End PBXBuildFile section */

/* Begin PBXContainerItemProxy section */
		34F907DE283C431B00F9E42F /* PBXContainerItemProxy */ = {
			isa = PBXContainerItemProxy;
			containerPortal = 34F907AD283C181000F9E42F /* Project object */;
			proxyType = 1;
			remoteGlobalIDString = 34F907B4283C181000F9E42F;
			remoteInfo = AlbertsonsApp;
		};
/* End PBXContainerItemProxy section */

/* Begin PBXFileReference section */
		34F907B5283C181000F9E42F /* AlbertsonsApp.app */ = {isa = PBXFileReference; explicitFileType = wrapper.application; includeInIndex = 0; path = AlbertsonsApp.app; sourceTree = BUILT_PRODUCTS_DIR; };
		34F907B8283C181000F9E42F /* AppDelegate.swift */ = {isa = PBXFileReference; lastKnownFileType = sourcecode.swift; path = AppDelegate.swift; sourceTree = "<group>"; };
		34F907BA283C181000F9E42F /* SceneDelegate.swift */ = {isa = PBXFileReference; lastKnownFileType = sourcecode.swift; path = SceneDelegate.swift; sourceTree = "<group>"; };
		34F907BC283C181000F9E42F /* AcronymViewController.swift */ = {isa = PBXFileReference; lastKnownFileType = sourcecode.swift; path = AcronymViewController.swift; sourceTree = "<group>"; };
		34F907BF283C181000F9E42F /* Base */ = {isa = PBXFileReference; lastKnownFileType = file.storyboard; name = Base; path = Base.lproj/Main.storyboard; sourceTree = "<group>"; };
		34F907C1283C181300F9E42F /* Assets.xcassets */ = {isa = PBXFileReference; lastKnownFileType = folder.assetcatalog; path = Assets.xcassets; sourceTree = "<group>"; };
		34F907C4283C181300F9E42F /* Base */ = {isa = PBXFileReference; lastKnownFileType = file.storyboard; name = Base; path = Base.lproj/LaunchScreen.storyboard; sourceTree = "<group>"; };
		34F907C6283C181300F9E42F /* Info.plist */ = {isa = PBXFileReference; lastKnownFileType = text.plist.xml; path = Info.plist; sourceTree = "<group>"; };
		34F907CC283C278600F9E42F /* AcronymCell.swift */ = {isa = PBXFileReference; lastKnownFileType = sourcecode.swift; path = AcronymCell.swift; sourceTree = "<group>"; };
		34F907CE283C281E00F9E42F /* AcronymService.swift */ = {isa = PBXFileReference; lastKnownFileType = sourcecode.swift; path = AcronymService.swift; sourceTree = "<group>"; };
		34F907D0283C28BD00F9E42F /* AcronymViewModel.swift */ = {isa = PBXFileReference; lastKnownFileType = sourcecode.swift; path = AcronymViewModel.swift; sourceTree = "<group>"; };
		34F907D2283C28F300F9E42F /* AcronymModel.swift */ = {isa = PBXFileReference; lastKnownFileType = sourcecode.swift; path = AcronymModel.swift; sourceTree = "<group>"; };
		34F907DA283C431A00F9E42F /* AlbertsonsAppTests.xctest */ = {isa = PBXFileReference; explicitFileType = wrapper.cfbundle; includeInIndex = 0; path = AlbertsonsAppTests.xctest; sourceTree = BUILT_PRODUCTS_DIR; };
		34F907DC283C431B00F9E42F /* AlbertsonsAppTests.swift */ = {isa = PBXFileReference; lastKnownFileType = sourcecode.swift; path = AlbertsonsAppTests.swift; sourceTree = "<group>"; };
		34F907E5283C437100F9E42F /* AcronymViewModelTests.swift */ = {isa = PBXFileReference; fileEncoding = 4; lastKnownFileType = sourcecode.swift; name = AcronymViewModelTests.swift; path = ../../../../Desktop/AcronymViewModelTests.swift; sourceTree = "<group>"; };
		34F907E6283C437200F9E42F /* AcronymSample.json */ = {isa = PBXFileReference; fileEncoding = 4; lastKnownFileType = text.json; path = AcronymSample.json; sourceTree = "<group>"; };
		34F907E7283C437200F9E42F /* MockNetwork.swift */ = {isa = PBXFileReference; fileEncoding = 4; lastKnownFileType = sourcecode.swift; path = MockNetwork.swift; sourceTree = "<group>"; };
		34F907E8283C437200F9E42F /* MockSession.swift */ = {isa = PBXFileReference; fileEncoding = 4; lastKnownFileType = sourcecode.swift; path = MockSession.swift; sourceTree = "<group>"; };
		34F907E9283C437200F9E42F /* NetworkManagerTests.swift */ = {isa = PBXFileReference; fileEncoding = 4; lastKnownFileType = sourcecode.swift; path = NetworkManagerTests.swift; sourceTree = "<group>"; };
/* End PBXFileReference section */

/* Begin PBXFrameworksBuildPhase section */
		34F907B2283C181000F9E42F /* Frameworks */ = {
			isa = PBXFrameworksBuildPhase;
			buildActionMask = 2147483647;
			files = (
			);
			runOnlyForDeploymentPostprocessing = 0;
		};
		34F907D7283C431A00F9E42F /* Frameworks */ = {
			isa = PBXFrameworksBuildPhase;
			buildActionMask = 2147483647;
			files = (
			);
			runOnlyForDeploymentPostprocessing = 0;
		};
/* End PBXFrameworksBuildPhase section */

/* Begin PBXGroup section */
		34F907AC283C181000F9E42F = {
			isa = PBXGroup;
			children = (
				34F907B7283C181000F9E42F /* AlbertsonsApp */,
				34F907DB283C431B00F9E42F /* AlbertsonsAppTests */,
				34F907B6283C181000F9E42F /* Products */,
			);
			sourceTree = "<group>";
		};
		34F907B6283C181000F9E42F /* Products */ = {
			isa = PBXGroup;
			children = (
				34F907B5283C181000F9E42F /* AlbertsonsApp.app */,
				34F907DA283C431A00F9E42F /* AlbertsonsAppTests.xctest */,
			);
			name = Products;
			sourceTree = "<group>";
		};
		34F907B7283C181000F9E42F /* AlbertsonsApp */ = {
			isa = PBXGroup;
			children = (
				34F907B8283C181000F9E42F /* AppDelegate.swift */,
				34F907BA283C181000F9E42F /* SceneDelegate.swift */,
				34F907F1283C471000F9E42F /* ViewControllers */,
				34F907EF283C470700F9E42F /* ViewModel */,
				34F907F0283C470B00F9E42F /* APIService */,
				34F907F2283C471400F9E42F /* Cells */,
				34F907F3283C473500F9E42F /* Others */,
				34F907E4283C432F00F9E42F /* AcronymTests */,
				34F907BE283C181000F9E42F /* Main.storyboard */,
				34F907C1283C181300F9E42F /* Assets.xcassets */,
				34F907C3283C181300F9E42F /* LaunchScreen.storyboard */,
				34F907C6283C181300F9E42F /* Info.plist */,
			);
			path = AlbertsonsApp;
			sourceTree = "<group>";
		};
		34F907DB283C431B00F9E42F /* AlbertsonsAppTests */ = {
			isa = PBXGroup;
			children = (
				34F907DC283C431B00F9E42F /* AlbertsonsAppTests.swift */,
			);
			path = AlbertsonsAppTests;
			sourceTree = "<group>";
		};
		34F907E4283C432F00F9E42F /* AcronymTests */ = {
			isa = PBXGroup;
			children = (
				34F907E6283C437200F9E42F /* AcronymSample.json */,
				34F907E5283C437100F9E42F /* AcronymViewModelTests.swift */,
				34F907E7283C437200F9E42F /* MockNetwork.swift */,
				34F907E8283C437200F9E42F /* MockSession.swift */,
				34F907E9283C437200F9E42F /* NetworkManagerTests.swift */,
			);
			path = AcronymTests;
			sourceTree = "<group>";
		};
		34F907EF283C470700F9E42F /* ViewModel */ = {
			isa = PBXGroup;
			children = (
				34F907D0283C28BD00F9E42F /* AcronymViewModel.swift */,
			);
			path = ViewModel;
			sourceTree = "<group>";
		};
		34F907F0283C470B00F9E42F /* APIService */ = {
			isa = PBXGroup;
			children = (
				34F907CE283C281E00F9E42F /* AcronymService.swift */,
			);
			path = APIService;
			sourceTree = "<group>";
		};
		34F907F1283C471000F9E42F /* ViewControllers */ = {
			isa = PBXGroup;
			children = (
				34F907BC283C181000F9E42F /* AcronymViewController.swift */,
			);
			path = ViewControllers;
			sourceTree = "<group>";
		};
		34F907F2283C471400F9E42F /* Cells */ = {
			isa = PBXGroup;
			children = (
				34F907CC283C278600F9E42F /* AcronymCell.swift */,
			);
			path = Cells;
			sourceTree = "<group>";
		};
		34F907F3283C473500F9E42F /* Others */ = {
			isa = PBXGroup;
			children = (
				34F907D2283C28F300F9E42F /* AcronymModel.swift */,
			);
			path = Others;
			sourceTree = "<group>";
		};
/* End PBXGroup section */

/* Begin PBXNativeTarget section */
		34F907B4283C181000F9E42F /* AlbertsonsApp */ = {
			isa = PBXNativeTarget;
			buildConfigurationList = 34F907C9283C181300F9E42F /* Build configuration list for PBXNativeTarget "AlbertsonsApp" */;
			buildPhases = (
				34F907B1283C181000F9E42F /* Sources */,
				34F907B2283C181000F9E42F /* Frameworks */,
				34F907B3283C181000F9E42F /* Resources */,
			);
			buildRules = (
			);
			dependencies = (
			);
			name = AlbertsonsApp;
			productName = AlbertsonsApp;
			productReference = 34F907B5283C181000F9E42F /* AlbertsonsApp.app */;
			productType = "com.apple.product-type.application";
		};
		34F907D9283C431A00F9E42F /* AlbertsonsAppTests */ = {
			isa = PBXNativeTarget;
			buildConfigurationList = 34F907E0283C431B00F9E42F /* Build configuration list for PBXNativeTarget "AlbertsonsAppTests" */;
			buildPhases = (
				34F907D6283C431A00F9E42F /* Sources */,
				34F907D7283C431A00F9E42F /* Frameworks */,
				34F907D8283C431A00F9E42F /* Resources */,
			);
			buildRules = (
			);
			dependencies = (
				34F907DF283C431B00F9E42F /* PBXTargetDependency */,
			);
			name = AlbertsonsAppTests;
			productName = AlbertsonsAppTests;
			productReference = 34F907DA283C431A00F9E42F /* AlbertsonsAppTests.xctest */;
			productType = "com.apple.product-type.bundle.unit-test";
		};
/* End PBXNativeTarget section */

/* Begin PBXProject section */
		34F907AD283C181000F9E42F /* Project object */ = {
			isa = PBXProject;
			attributes = {
				BuildIndependentTargetsInParallel = 1;
				LastSwiftUpdateCheck = 1320;
				LastUpgradeCheck = 1320;
				TargetAttributes = {
					34F907B4283C181000F9E42F = {
						CreatedOnToolsVersion = 13.2.1;
					};
					34F907D9283C431A00F9E42F = {
						CreatedOnToolsVersion = 13.2.1;
						TestTargetID = 34F907B4283C181000F9E42F;
					};
				};
			};
			buildConfigurationList = 34F907B0283C181000F9E42F /* Build configuration list for PBXProject "AlbertsonsApp" */;
			compatibilityVersion = "Xcode 13.0";
			developmentRegion = en;
			hasScannedForEncodings = 0;
			knownRegions = (
				en,
				Base,
			);
			mainGroup = 34F907AC283C181000F9E42F;
			productRefGroup = 34F907B6283C181000F9E42F /* Products */;
			projectDirPath = "";
			projectRoot = "";
			targets = (
				34F907B4283C181000F9E42F /* AlbertsonsApp */,
				34F907D9283C431A00F9E42F /* AlbertsonsAppTests */,
			);
		};
/* End PBXProject section */

/* Begin PBXResourcesBuildPhase section */
		34F907B3283C181000F9E42F /* Resources */ = {
			isa = PBXResourcesBuildPhase;
			buildActionMask = 2147483647;
			files = (
				34F907C5283C181300F9E42F /* LaunchScreen.storyboard in Resources */,
				34F907C2283C181300F9E42F /* Assets.xcassets in Resources */,
				34F907C0283C181000F9E42F /* Main.storyboard in Resources */,
			);
			runOnlyForDeploymentPostprocessing = 0;
		};
		34F907D8283C431A00F9E42F /* Resources */ = {
			isa = PBXResourcesBuildPhase;
			buildActionMask = 2147483647;
			files = (
				34F907EB283C437200F9E42F /* AcronymSample.json in Resources */,
			);
			runOnlyForDeploymentPostprocessing = 0;
		};
/* End PBXResourcesBuildPhase section */

/* Begin PBXSourcesBuildPhase section */
		34F907B1283C181000F9E42F /* Sources */ = {
			isa = PBXSourcesBuildPhase;
			buildActionMask = 2147483647;
			files = (
				34F907BD283C181000F9E42F /* AcronymViewController.swift in Sources */,
				34F907B9283C181000F9E42F /* AppDelegate.swift in Sources */,
				34F907CF283C281E00F9E42F /* AcronymService.swift in Sources */,
				34F907D3283C28F300F9E42F /* AcronymModel.swift in Sources */,
				34F907BB283C181000F9E42F /* SceneDelegate.swift in Sources */,
				34F907D1283C28BD00F9E42F /* AcronymViewModel.swift in Sources */,
				34F907CD283C278600F9E42F /* AcronymCell.swift in Sources */,
			);
			runOnlyForDeploymentPostprocessing = 0;
		};
		34F907D6283C431A00F9E42F /* Sources */ = {
			isa = PBXSourcesBuildPhase;
			buildActionMask = 2147483647;
			files = (
				34F907EE283C437200F9E42F /* NetworkManagerTests.swift in Sources */,
				34F907EC283C437200F9E42F /* MockNetwork.swift in Sources */,
				34F907ED283C437200F9E42F /* MockSession.swift in Sources */,
				34F907DD283C431B00F9E42F /* AlbertsonsAppTests.swift in Sources */,
				34F907EA283C437200F9E42F /* AcronymViewModelTests.swift in Sources */,
			);
			runOnlyForDeploymentPostprocessing = 0;
		};
/* End PBXSourcesBuildPhase section */

/* Begin PBXTargetDependency section */
		34F907DF283C431B00F9E42F /* PBXTargetDependency */ = {
			isa = PBXTargetDependency;
			target = 34F907B4283C181000F9E42F /* AlbertsonsApp */;
			targetProxy = 34F907DE283C431B00F9E42F /* PBXContainerItemProxy */;
		};
/* End PBXTargetDependency section */

/* Begin PBXVariantGroup section */
		34F907BE283C181000F9E42F /* Main.storyboard */ = {
			isa = PBXVariantGroup;
			children = (
				34F907BF283C181000F9E42F /* Base */,
			);
			name = Main.storyboard;
			sourceTree = "<group>";
		};
		34F907C3283C181300F9E42F /* LaunchScreen.storyboard */ = {
			isa = PBXVariantGroup;
			children = (
				34F907C4283C181300F9E42F /* Base */,
			);
			name = LaunchScreen.storyboard;
			sourceTree = "<group>";
		};
/* End PBXVariantGroup section */

/* Begin XCBuildConfiguration section */
		34F907C7283C181300F9E42F /* Debug */ = {
			isa = XCBuildConfiguration;
			buildSettings = {
				ALWAYS_SEARCH_USER_PATHS = NO;
				CLANG_ANALYZER_NONNULL = YES;
				CLANG_ANALYZER_NUMBER_OBJECT_CONVERSION = YES_AGGRESSIVE;
				CLANG_CXX_LANGUAGE_STANDARD = "gnu++17";
				CLANG_CXX_LIBRARY = "libc++";
				CLANG_ENABLE_MODULES = YES;
				CLANG_ENABLE_OBJC_ARC = YES;
				CLANG_ENABLE_OBJC_WEAK = YES;
				CLANG_WARN_BLOCK_CAPTURE_AUTORELEASING = YES;
				CLANG_WARN_BOOL_CONVERSION = YES;
				CLANG_WARN_COMMA = YES;
				CLANG_WARN_CONSTANT_CONVERSION = YES;
				CLANG_WARN_DEPRECATED_OBJC_IMPLEMENTATIONS = YES;
				CLANG_WARN_DIRECT_OBJC_ISA_USAGE = YES_ERROR;
				CLANG_WARN_DOCUMENTATION_COMMENTS = YES;
				CLANG_WARN_EMPTY_BODY = YES;
				CLANG_WARN_ENUM_CONVERSION = YES;
				CLANG_WARN_INFINITE_RECURSION = YES;
				CLANG_WARN_INT_CONVERSION = YES;
				CLANG_WARN_NON_LITERAL_NULL_CONVERSION = YES;
				CLANG_WARN_OBJC_IMPLICIT_RETAIN_SELF = YES;
				CLANG_WARN_OBJC_LITERAL_CONVERSION = YES;
				CLANG_WARN_OBJC_ROOT_CLASS = YES_ERROR;
				CLANG_WARN_QUOTED_INCLUDE_IN_FRAMEWORK_HEADER = YES;
				CLANG_WARN_RANGE_LOOP_ANALYSIS = YES;
				CLANG_WARN_STRICT_PROTOTYPES = YES;
				CLANG_WARN_SUSPICIOUS_MOVE = YES;
				CLANG_WARN_UNGUARDED_AVAILABILITY = YES_AGGRESSIVE;
				CLANG_WARN_UNREACHABLE_CODE = YES;
				CLANG_WARN__DUPLICATE_METHOD_MATCH = YES;
				COPY_PHASE_STRIP = NO;
				DEBUG_INFORMATION_FORMAT = dwarf;
				ENABLE_STRICT_OBJC_MSGSEND = YES;
				ENABLE_TESTABILITY = YES;
				GCC_C_LANGUAGE_STANDARD = gnu11;
				GCC_DYNAMIC_NO_PIC = NO;
				GCC_NO_COMMON_BLOCKS = YES;
				GCC_OPTIMIZATION_LEVEL = 0;
				GCC_PREPROCESSOR_DEFINITIONS = (
					"DEBUG=1",
					"$(inherited)",
				);
				GCC_WARN_64_TO_32_BIT_CONVERSION = YES;
				GCC_WARN_ABOUT_RETURN_TYPE = YES_ERROR;
				GCC_WARN_UNDECLARED_SELECTOR = YES;
				GCC_WARN_UNINITIALIZED_AUTOS = YES_AGGRESSIVE;
				GCC_WARN_UNUSED_FUNCTION = YES;
				GCC_WARN_UNUSED_VARIABLE = YES;
				IPHONEOS_DEPLOYMENT_TARGET = 15.2;
				MTL_ENABLE_DEBUG_INFO = INCLUDE_SOURCE;
				MTL_FAST_MATH = YES;
				ONLY_ACTIVE_ARCH = YES;
				SDKROOT = iphoneos;
				SWIFT_ACTIVE_COMPILATION_CONDITIONS = DEBUG;
				SWIFT_OPTIMIZATION_LEVEL = "-Onone";
			};
			name = Debug;
		};
		34F907C8283C181300F9E42F /* Release */ = {
			isa = XCBuildConfiguration;
			buildSettings = {
				ALWAYS_SEARCH_USER_PATHS = NO;
				CLANG_ANALYZER_NONNULL = YES;
				CLANG_ANALYZER_NUMBER_OBJECT_CONVERSION = YES_AGGRESSIVE;
				CLANG_CXX_LANGUAGE_STANDARD = "gnu++17";
				CLANG_CXX_LIBRARY = "libc++";
				CLANG_ENABLE_MODULES = YES;
				CLANG_ENABLE_OBJC_ARC = YES;
				CLANG_ENABLE_OBJC_WEAK = YES;
				CLANG_WARN_BLOCK_CAPTURE_AUTORELEASING = YES;
				CLANG_WARN_BOOL_CONVERSION = YES;
				CLANG_WARN_COMMA = YES;
				CLANG_WARN_CONSTANT_CONVERSION = YES;
				CLANG_WARN_DEPRECATED_OBJC_IMPLEMENTATIONS = YES;
				CLANG_WARN_DIRECT_OBJC_ISA_USAGE = YES_ERROR;
				CLANG_WARN_DOCUMENTATION_COMMENTS = YES;
				CLANG_WARN_EMPTY_BODY = YES;
				CLANG_WARN_ENUM_CONVERSION = YES;
				CLANG_WARN_INFINITE_RECURSION = YES;
				CLANG_WARN_INT_CONVERSION = YES;
				CLANG_WARN_NON_LITERAL_NULL_CONVERSION = YES;
				CLANG_WARN_OBJC_IMPLICIT_RETAIN_SELF = YES;
				CLANG_WARN_OBJC_LITERAL_CONVERSION = YES;
				CLANG_WARN_OBJC_ROOT_CLASS = YES_ERROR;
				CLANG_WARN_QUOTED_INCLUDE_IN_FRAMEWORK_HEADER = YES;
				CLANG_WARN_RANGE_LOOP_ANALYSIS = YES;
				CLANG_WARN_STRICT_PROTOTYPES = YES;
				CLANG_WARN_SUSPICIOUS_MOVE = YES;
				CLANG_WARN_UNGUARDED_AVAILABILITY = YES_AGGRESSIVE;
				CLANG_WARN_UNREACHABLE_CODE = YES;
				CLANG_WARN__DUPLICATE_METHOD_MATCH = YES;
				COPY_PHASE_STRIP = NO;
				DEBUG_INFORMATION_FORMAT = "dwarf-with-dsym";
				ENABLE_NS_ASSERTIONS = NO;
				ENABLE_STRICT_OBJC_MSGSEND = YES;
				GCC_C_LANGUAGE_STANDARD = gnu11;
				GCC_NO_COMMON_BLOCKS = YES;
				GCC_WARN_64_TO_32_BIT_CONVERSION = YES;
				GCC_WARN_ABOUT_RETURN_TYPE = YES_ERROR;
				GCC_WARN_UNDECLARED_SELECTOR = YES;
				GCC_WARN_UNINITIALIZED_AUTOS = YES_AGGRESSIVE;
				GCC_WARN_UNUSED_FUNCTION = YES;
				GCC_WARN_UNUSED_VARIABLE = YES;
				IPHONEOS_DEPLOYMENT_TARGET = 15.2;
				MTL_ENABLE_DEBUG_INFO = NO;
				MTL_FAST_MATH = YES;
				SDKROOT = iphoneos;
				SWIFT_COMPILATION_MODE = wholemodule;
				SWIFT_OPTIMIZATION_LEVEL = "-O";
				VALIDATE_PRODUCT = YES;
			};
			name = Release;
		};
		34F907CA283C181300F9E42F /* Debug */ = {
			isa = XCBuildConfiguration;
			buildSettings = {
				ASSETCATALOG_COMPILER_APPICON_NAME = AppIcon;
				ASSETCATALOG_COMPILER_GLOBAL_ACCENT_COLOR_NAME = AccentColor;
				CODE_SIGN_STYLE = Automatic;
				CURRENT_PROJECT_VERSION = 1;
				GENERATE_INFOPLIST_FILE = YES;
				INFOPLIST_FILE = AlbertsonsApp/Info.plist;
				INFOPLIST_KEY_UIApplicationSupportsIndirectInputEvents = YES;
				INFOPLIST_KEY_UILaunchStoryboardName = LaunchScreen;
				INFOPLIST_KEY_UIMainStoryboardFile = Main;
				INFOPLIST_KEY_UISupportedInterfaceOrientations_iPad = "UIInterfaceOrientationPortrait UIInterfaceOrientationPortraitUpsideDown UIInterfaceOrientationLandscapeLeft UIInterfaceOrientationLandscapeRight";
				INFOPLIST_KEY_UISupportedInterfaceOrientations_iPhone = "UIInterfaceOrientationPortrait UIInterfaceOrientationLandscapeLeft UIInterfaceOrientationLandscapeRight";
				LD_RUNPATH_SEARCH_PATHS = (
					"$(inherited)",
					"@executable_path/Frameworks",
				);
				MARKETING_VERSION = 1.0;
				PRODUCT_BUNDLE_IDENTIFIER = sapient.AlbertsonsApp;
				PRODUCT_NAME = "$(TARGET_NAME)";
				SWIFT_EMIT_LOC_STRINGS = YES;
				SWIFT_VERSION = 5.0;
				TARGETED_DEVICE_FAMILY = "1,2";
			};
			name = Debug;
		};
		34F907CB283C181300F9E42F /* Release */ = {
			isa = XCBuildConfiguration;
			buildSettings = {
				ASSETCATALOG_COMPILER_APPICON_NAME = AppIcon;
				ASSETCATALOG_COMPILER_GLOBAL_ACCENT_COLOR_NAME = AccentColor;
				CODE_SIGN_STYLE = Automatic;
				CURRENT_PROJECT_VERSION = 1;
				GENERATE_INFOPLIST_FILE = YES;
				INFOPLIST_FILE = AlbertsonsApp/Info.plist;
				INFOPLIST_KEY_UIApplicationSupportsIndirectInputEvents = YES;
				INFOPLIST_KEY_UILaunchStoryboardName = LaunchScreen;
				INFOPLIST_KEY_UIMainStoryboardFile = Main;
				INFOPLIST_KEY_UISupportedInterfaceOrientations_iPad = "UIInterfaceOrientationPortrait UIInterfaceOrientationPortraitUpsideDown UIInterfaceOrientationLandscapeLeft UIInterfaceOrientationLandscapeRight";
				INFOPLIST_KEY_UISupportedInterfaceOrientations_iPhone = "UIInterfaceOrientationPortrait UIInterfaceOrientationLandscapeLeft UIInterfaceOrientationLandscapeRight";
				LD_RUNPATH_SEARCH_PATHS = (
					"$(inherited)",
					"@executable_path/Frameworks",
				);
				MARKETING_VERSION = 1.0;
				PRODUCT_BUNDLE_IDENTIFIER = sapient.AlbertsonsApp;
				PRODUCT_NAME = "$(TARGET_NAME)";
				SWIFT_EMIT_LOC_STRINGS = YES;
				SWIFT_VERSION = 5.0;
				TARGETED_DEVICE_FAMILY = "1,2";
			};
			name = Release;
		};
		34F907E1283C431B00F9E42F /* Debug */ = {
			isa = XCBuildConfiguration;
			buildSettings = {
				BUNDLE_LOADER = "$(TEST_HOST)";
				CODE_SIGN_STYLE = Automatic;
				CURRENT_PROJECT_VERSION = 1;
				GENERATE_INFOPLIST_FILE = YES;
				MARKETING_VERSION = 1.0;
				PRODUCT_BUNDLE_IDENTIFIER = sapient.AlbertsonsAppTests;
				PRODUCT_NAME = "$(TARGET_NAME)";
				SWIFT_EMIT_LOC_STRINGS = NO;
				SWIFT_VERSION = 5.0;
				TARGETED_DEVICE_FAMILY = "1,2";
				TEST_HOST = "$(BUILT_PRODUCTS_DIR)/AlbertsonsApp.app/AlbertsonsApp";
			};
			name = Debug;
		};
		34F907E2283C431B00F9E42F /* Release */ = {
			isa = XCBuildConfiguration;
			buildSettings = {
				BUNDLE_LOADER = "$(TEST_HOST)";
				CODE_SIGN_STYLE = Automatic;
				CURRENT_PROJECT_VERSION = 1;
				GENERATE_INFOPLIST_FILE = YES;
				MARKETING_VERSION = 1.0;
				PRODUCT_BUNDLE_IDENTIFIER = sapient.AlbertsonsAppTests;
				PRODUCT_NAME = "$(TARGET_NAME)";
				SWIFT_EMIT_LOC_STRINGS = NO;
				SWIFT_VERSION = 5.0;
				TARGETED_DEVICE_FAMILY = "1,2";
				TEST_HOST = "$(BUILT_PRODUCTS_DIR)/AlbertsonsApp.app/AlbertsonsApp";
			};
			name = Release;
		};
/* End XCBuildConfiguration section */

/* Begin XCConfigurationList section */
		34F907B0283C181000F9E42F /* Build configuration list for PBXProject "AlbertsonsApp" */ = {
			isa = XCConfigurationList;
			buildConfigurations = (
				34F907C7283C181300F9E42F /* Debug */,
				34F907C8283C181300F9E42F /* Release */,
			);
			defaultConfigurationIsVisible = 0;
			defaultConfigurationName = Release;
		};
		34F907C9283C181300F9E42F /* Build configuration list for PBXNativeTarget "AlbertsonsApp" */ = {
			isa = XCConfigurationList;
			buildConfigurations = (
				34F907CA283C181300F9E42F /* Debug */,
				34F907CB283C181300F9E42F /* Release */,
			);
			defaultConfigurationIsVisible = 0;
			defaultConfigurationName = Release;
		};
		34F907E0283C431B00F9E42F /* Build configuration list for PBXNativeTarget "AlbertsonsAppTests" */ = {
			isa = XCConfigurationList;
			buildConfigurations = (
				34F907E1283C431B00F9E42F /* Debug */,
				34F907E2283C431B00F9E42F /* Release */,
			);
			defaultConfigurationIsVisible = 0;
			defaultConfigurationName = Release;
		};
/* End XCConfigurationList section */
	};
	rootObject = 34F907AD283C181000F9E42F /* Project object */;
}
